
Microsoft Visual Studio Solution File, Format Version 12.00
# Visual Studio Version 17
VisualStudioVersion = 17.0.31903.59
MinimumVisualStudioVersion = 10.0.40219.1
Project("{FAE04EC0-301F-11D3-BF4B-00C04F79EFBC}") = "Aderant Coding Example mk2", "Aderant Coding Example mk2\Aderant Coding Example mk2.csproj", "{95B33037-F8C3-43A6-B424-4A10F2CC5481}"
EndProject
Global
	GlobalSection(SolutionConfigurationPlatforms) = preSolution
		Debug|Any CPU = Debug|Any CPU
		Release|Any CPU = Release|Any CPU
	EndGlobalSection
	GlobalSection(ProjectConfigurationPlatforms) = postSolution
		{95B33037-F8C3-43A6-B424-4A10F2CC5481}.Debug|Any CPU.ActiveCfg = Debug|Any CPU
		{95B33037-F8C3-43A6-B424-4A10F2CC5481}.Debug|Any CPU.Build.0 = Debug|Any CPU
		{95B33037-F8C3-43A6-B424-4A10F2CC5481}.Release|Any CPU.ActiveCfg = Release|Any CPU
		{95B33037-F8C3-43A6-B424-4A10F2CC5481}.Release|Any CPU.Build.0 = Release|Any CPU
	EndGlobalSection
	GlobalSection(SolutionProperties) = preSolution
		HideSolutionNode = FALSE
	EndGlobalSection
	GlobalSection(ExtensibilityGlobals) = postSolution
		SolutionGuid = {8F2E5279-610E-448D-A376-90D01C6AA498}
	EndGlobalSection
EndGlobal
